
Microsoft Visual Studio Solution File, Format Version 12.00
# Visual Studio Version 17
VisualStudioVersion = 17.8.34511.84
MinimumVisualStudioVersion = 10.0.40219.1
Project("{9A19103F-16F7-4668-BE54-9A1E7A4F7556}") = "Sahaj Yatri", "Sahaj Yatri\Sahaj Yatri.csproj", "{A5EB6935-AC5C-45F8-89D8-6E4F254D40F1}"
EndProject
Project("{2150E333-8FDC-42A3-9474-1A3956D46DE8}") = "Solution Items", "Solution Items", "{EBB133BB-9462-4548-8B75-B84E05E07B47}"
	ProjectSection(SolutionItems) = preProject
		.editorconfig = .editorconfig
	EndProjectSection
EndProject
Global
	GlobalSection(SolutionConfigurationPlatforms) = preSolution
		Debug|Any CPU = Debug|Any CPU
		Release|Any CPU = Release|Any CPU
	EndGlobalSection
	GlobalSection(ProjectConfigurationPlatforms) = postSolution
		{A5EB6935-AC5C-45F8-89D8-6E4F254D40F1}.Debug|Any CPU.ActiveCfg = Debug|Any CPU
		{A5EB6935-AC5C-45F8-89D8-6E4F254D40F1}.Debug|Any CPU.Build.0 = Debug|Any CPU
		{A5EB6935-AC5C-45F8-89D8-6E4F254D40F1}.Release|Any CPU.ActiveCfg = Release|Any CPU
		{A5EB6935-AC5C-45F8-89D8-6E4F254D40F1}.Release|Any CPU.Build.0 = Release|Any CPU
	EndGlobalSection
	GlobalSection(SolutionProperties) = preSolution
		HideSolutionNode = FALSE
	EndGlobalSection
	GlobalSection(ExtensibilityGlobals) = postSolution
		SolutionGuid = {55171C98-E10A-46C2-B179-D44C60AB61B6}
	EndGlobalSection
EndGlobal
